
Microsoft Visual Studio Solution File, Format Version 12.00
# Visual Studio Version 17
VisualStudioVersion = 17.7.34031.279
MinimumVisualStudioVersion = 10.0.40219.1
Project("{8BC9CEB8-8B4A-11D0-8D11-00A0C91BC942}") = "Assignment_1_1", "Assignment_1_1\Assignment_1_1.vcxproj", "{503EF33D-813E-43B1-BA36-62901B3604D7}"
EndProject
Project("{8BC9CEB8-8B4A-11D0-8D11-00A0C91BC942}") = "Assignment_1_2", "Assignment_1_2\Assignment_1_2.vcxproj", "{95B83C10-D064-4D02-8FC8-374E9DCDB721}"
EndProject
Project("{8BC9CEB8-8B4A-11D0-8D11-00A0C91BC942}") = "Assignment_1_3", "Assignment_1_3\Assignment_1_3.vcxproj", "{C12AB46F-63F8-4795-B3F7-2B384A91201B}"
EndProject
Global
	GlobalSection(SolutionConfigurationPlatforms) = preSolution
		Debug|x64 = Debug|x64
		Debug|x86 = Debug|x86
		Release|x64 = Release|x64
		Release|x86 = Release|x86
	EndGlobalSection
	GlobalSection(ProjectConfigurationPlatforms) = postSolution
		{503EF33D-813E-43B1-BA36-62901B3604D7}.Debug|x64.ActiveCfg = Debug|x64
		{503EF33D-813E-43B1-BA36-62901B3604D7}.Debug|x64.Build.0 = Debug|x64
		{503EF33D-813E-43B1-BA36-62901B3604D7}.Debug|x86.ActiveCfg = Debug|Win32
		{503EF33D-813E-43B1-BA36-62901B3604D7}.Debug|x86.Build.0 = Debug|Win32
		{503EF33D-813E-43B1-BA36-62901B3604D7}.Release|x64.ActiveCfg = Release|x64
		{503EF33D-813E-43B1-BA36-62901B3604D7}.Release|x64.Build.0 = Release|x64
		{503EF33D-813E-43B1-BA36-62901B3604D7}.Release|x86.ActiveCfg = Release|Win32
		{503EF33D-813E-43B1-BA36-62901B3604D7}.Release|x86.Build.0 = Release|Win32
		{95B83C10-D064-4D02-8FC8-374E9DCDB721}.Debug|x64.ActiveCfg = Debug|x64
		{95B83C10-D064-4D02-8FC8-374E9DCDB721}.Debug|x64.Build.0 = Debug|x64
		{95B83C10-D064-4D02-8FC8-374E9DCDB721}.Debug|x86.ActiveCfg = Debug|Win32
		{95B83C10-D064-4D02-8FC8-374E9DCDB721}.Debug|x86.Build.0 = Debug|Win32
		{95B83C10-D064-4D02-8FC8-374E9DCDB721}.Release|x64.ActiveCfg = Release|x64
		{95B83C10-D064-4D02-8FC8-374E9DCDB721}.Release|x64.Build.0 = Release|x64
		{95B83C10-D064-4D02-8FC8-374E9DCDB721}.Release|x86.ActiveCfg = Release|Win32
		{95B83C10-D064-4D02-8FC8-374E9DCDB721}.Release|x86.Build.0 = Release|Win32
		{C12AB46F-63F8-4795-B3F7-2B384A91201B}.Debug|x64.ActiveCfg = Debug|x64
		{C12AB46F-63F8-4795-B3F7-2B384A91201B}.Debug|x64.Build.0 = Debug|x64
		{C12AB46F-63F8-4795-B3F7-2B384A91201B}.Debug|x86.ActiveCfg = Debug|Win32
		{C12AB46F-63F8-4795-B3F7-2B384A91201B}.Debug|x86.Build.0 = Debug|Win32
		{C12AB46F-63F8-4795-B3F7-2B384A91201B}.Release|x64.ActiveCfg = Release|x64
		{C12AB46F-63F8-4795-B3F7-2B384A91201B}.Release|x64.Build.0 = Release|x64
		{C12AB46F-63F8-4795-B3F7-2B384A91201B}.Release|x86.ActiveCfg = Release|Win32
		{C12AB46F-63F8-4795-B3F7-2B384A91201B}.Release|x86.Build.0 = Release|Win32
	EndGlobalSection
	GlobalSection(SolutionProperties) = preSolution
		HideSolutionNode = FALSE
	EndGlobalSection
	GlobalSection(ExtensibilityGlobals) = postSolution
		SolutionGuid = {5F74E27D-4152-4F42-BF4B-8B2EA6D783D1}
	EndGlobalSection
EndGlobal
